
Microsoft Visual Studio Solution File, Format Version 12.00
# Visual Studio Version 17
VisualStudioVersion = 17.7.34031.279
MinimumVisualStudioVersion = 10.0.40219.1
Project("{9A19103F-16F7-4668-BE54-9A1E7A4F7556}") = "Day01", "Day1\Day01.csproj", "{D0974531-9EE6-4DA1-B89D-7761711F2E69}"
EndProject
Project("{9A19103F-16F7-4668-BE54-9A1E7A4F7556}") = "Day02", "Day02\Day02.csproj", "{7E629B1E-9683-40D1-9307-901584425010}"
EndProject
Project("{9A19103F-16F7-4668-BE54-9A1E7A4F7556}") = "Day03", "Day03\Day03.csproj", "{0AE4F3B4-FD16-4147-8832-0638C86133DB}"
EndProject
Project("{9A19103F-16F7-4668-BE54-9A1E7A4F7556}") = "Day04", "Day04\Day04.csproj", "{D9F4B546-3738-43AB-B8FE-C3FAC027AE50}"
EndProject
Project("{9A19103F-16F7-4668-BE54-9A1E7A4F7556}") = "Day05", "Day05\Day05.csproj", "{F43F4895-99AC-4DCB-80E7-3C026DB4174F}"
EndProject
Project("{9A19103F-16F7-4668-BE54-9A1E7A4F7556}") = "Day06", "Day06\Day06.csproj", "{2C22103C-A3F5-481E-BA4B-DE7A2BE38222}"
EndProject
Project("{9A19103F-16F7-4668-BE54-9A1E7A4F7556}") = "Day07", "Day07\Day07.csproj", "{A81B3C01-0031-4888-ABFF-0E3C6F6DE66E}"
EndProject
Project("{FAE04EC0-301F-11D3-BF4B-00C04F79EFBC}") = "Day08", "Day08\Day08.csproj", "{C749E23A-DF95-4D40-A9B8-4F1C20586E84}"
EndProject
Global
	GlobalSection(SolutionConfigurationPlatforms) = preSolution
		Debug|Any CPU = Debug|Any CPU
		Release|Any CPU = Release|Any CPU
	EndGlobalSection
	GlobalSection(ProjectConfigurationPlatforms) = postSolution
		{D0974531-9EE6-4DA1-B89D-7761711F2E69}.Debug|Any CPU.ActiveCfg = Debug|Any CPU
		{D0974531-9EE6-4DA1-B89D-7761711F2E69}.Debug|Any CPU.Build.0 = Debug|Any CPU
		{D0974531-9EE6-4DA1-B89D-7761711F2E69}.Release|Any CPU.ActiveCfg = Release|Any CPU
		{D0974531-9EE6-4DA1-B89D-7761711F2E69}.Release|Any CPU.Build.0 = Release|Any CPU
		{7E629B1E-9683-40D1-9307-901584425010}.Debug|Any CPU.ActiveCfg = Debug|Any CPU
		{7E629B1E-9683-40D1-9307-901584425010}.Debug|Any CPU.Build.0 = Debug|Any CPU
		{7E629B1E-9683-40D1-9307-901584425010}.Release|Any CPU.ActiveCfg = Release|Any CPU
		{7E629B1E-9683-40D1-9307-901584425010}.Release|Any CPU.Build.0 = Release|Any CPU
		{0AE4F3B4-FD16-4147-8832-0638C86133DB}.Debug|Any CPU.ActiveCfg = Debug|Any CPU
		{0AE4F3B4-FD16-4147-8832-0638C86133DB}.Debug|Any CPU.Build.0 = Debug|Any CPU
		{0AE4F3B4-FD16-4147-8832-0638C86133DB}.Release|Any CPU.ActiveCfg = Release|Any CPU
		{0AE4F3B4-FD16-4147-8832-0638C86133DB}.Release|Any CPU.Build.0 = Release|Any CPU
		{D9F4B546-3738-43AB-B8FE-C3FAC027AE50}.Debug|Any CPU.ActiveCfg = Debug|Any CPU
		{D9F4B546-3738-43AB-B8FE-C3FAC027AE50}.Debug|Any CPU.Build.0 = Debug|Any CPU
		{D9F4B546-3738-43AB-B8FE-C3FAC027AE50}.Release|Any CPU.ActiveCfg = Release|Any CPU
		{D9F4B546-3738-43AB-B8FE-C3FAC027AE50}.Release|Any CPU.Build.0 = Release|Any CPU
		{F43F4895-99AC-4DCB-80E7-3C026DB4174F}.Debug|Any CPU.ActiveCfg = Debug|Any CPU
		{F43F4895-99AC-4DCB-80E7-3C026DB4174F}.Debug|Any CPU.Build.0 = Debug|Any CPU
		{F43F4895-99AC-4DCB-80E7-3C026DB4174F}.Release|Any CPU.ActiveCfg = Release|Any CPU
		{F43F4895-99AC-4DCB-80E7-3C026DB4174F}.Release|Any CPU.Build.0 = Release|Any CPU
		{2C22103C-A3F5-481E-BA4B-DE7A2BE38222}.Debug|Any CPU.ActiveCfg = Debug|Any CPU
		{2C22103C-A3F5-481E-BA4B-DE7A2BE38222}.Debug|Any CPU.Build.0 = Debug|Any CPU
		{2C22103C-A3F5-481E-BA4B-DE7A2BE38222}.Release|Any CPU.ActiveCfg = Release|Any CPU
		{2C22103C-A3F5-481E-BA4B-DE7A2BE38222}.Release|Any CPU.Build.0 = Release|Any CPU
		{A81B3C01-0031-4888-ABFF-0E3C6F6DE66E}.Debug|Any CPU.ActiveCfg = Debug|Any CPU
		{A81B3C01-0031-4888-ABFF-0E3C6F6DE66E}.Debug|Any CPU.Build.0 = Debug|Any CPU
		{A81B3C01-0031-4888-ABFF-0E3C6F6DE66E}.Release|Any CPU.ActiveCfg = Release|Any CPU
		{A81B3C01-0031-4888-ABFF-0E3C6F6DE66E}.Release|Any CPU.Build.0 = Release|Any CPU
		{C749E23A-DF95-4D40-A9B8-4F1C20586E84}.Debug|Any CPU.ActiveCfg = Debug|Any CPU
		{C749E23A-DF95-4D40-A9B8-4F1C20586E84}.Debug|Any CPU.Build.0 = Debug|Any CPU
		{C749E23A-DF95-4D40-A9B8-4F1C20586E84}.Release|Any CPU.ActiveCfg = Release|Any CPU
		{C749E23A-DF95-4D40-A9B8-4F1C20586E84}.Release|Any CPU.Build.0 = Release|Any CPU
	EndGlobalSection
	GlobalSection(SolutionProperties) = preSolution
		HideSolutionNode = FALSE
	EndGlobalSection
	GlobalSection(ExtensibilityGlobals) = postSolution
		SolutionGuid = {99400053-2B0F-4C67-ADAC-67715960172C}
	EndGlobalSection
EndGlobal
